// !$*UTF8*$!
{
	archiveVersion = 1;
	classes = {
	};
	objectVersion = 46;
	objects = {

/* Begin PBXBuildFile section */
		50E17B1618141C4F00E2F9B3 /* Foundation.framework in Frameworks */ = {isa = PBXBuildFile; fileRef = 50E17B1518141C4F00E2F9B3 /* Foundation.framework */; };
		50E17B1818141C4F00E2F9B3 /* CoreGraphics.framework in Frameworks */ = {isa = PBXBuildFile; fileRef = 50E17B1718141C4F00E2F9B3 /* CoreGraphics.framework */; };
		50E17B1A18141C4F00E2F9B3 /* UIKit.framework in Frameworks */ = {isa = PBXBuildFile; fileRef = 50E17B1918141C4F00E2F9B3 /* UIKit.framework */; };
		50E17B2218141C4F00E2F9B3 /* main.m in Sources */ = {isa = PBXBuildFile; fileRef = 50E17B2118141C4F00E2F9B3 /* main.m */; };
		50E17B2618141C4F00E2F9B3 /* AppDelegate.m in Sources */ = {isa = PBXBuildFile; fileRef = 50E17B2518141C4F00E2F9B3 /* AppDelegate.m */; };
		50E17B2818141C4F00E2F9B3 /* Images.xcassets in Resources */ = {isa = PBXBuildFile; fileRef = 50E17B2718141C4F00E2F9B3 /* Images.xcassets */; };
		50E17B2F18141C4F00E2F9B3 /* XCTest.framework in Frameworks */ = {isa = PBXBuildFile; fileRef = 50E17B2E18141C4F00E2F9B3 /* XCTest.framework */; };
		50E17B3018141C4F00E2F9B3 /* Foundation.framework in Frameworks */ = {isa = PBXBuildFile; fileRef = 50E17B1518141C4F00E2F9B3 /* Foundation.framework */; };
		50E17B3118141C4F00E2F9B3 /* UIKit.framework in Frameworks */ = {isa = PBXBuildFile; fileRef = 50E17B1918141C4F00E2F9B3 /* UIKit.framework */; };
		50E17B3918141C4F00E2F9B3 /* InfoPlist.strings in Resources */ = {isa = PBXBuildFile; fileRef = 50E17B3718141C4F00E2F9B3 /* InfoPlist.strings */; };
		50E17B3B18141C4F00E2F9B3 /* NSDate_ExampleTests.m in Sources */ = {isa = PBXBuildFile; fileRef = 50E17B3A18141C4F00E2F9B3 /* NSDate_ExampleTests.m */; };
		50E17B4718141C8800E2F9B3 /* NSDate+Helper.m in Sources */ = {isa = PBXBuildFile; fileRef = 50E17B4618141C8800E2F9B3 /* NSDate+Helper.m */; };
		50E17B50181421BB00E2F9B3 /* NSDateHelper.strings in Resources */ = {isa = PBXBuildFile; fileRef = 50E17B4F181421BB00E2F9B3 /* NSDateHelper.strings */; };
		50E17B5818142BA600E2F9B3 /* HomeViewController.m in Sources */ = {isa = PBXBuildFile; fileRef = 50E17B5718142BA600E2F9B3 /* HomeViewController.m */; };
/* End PBXBuildFile section */

/* Begin PBXContainerItemProxy section */
		50E17B3218141C4F00E2F9B3 /* PBXContainerItemProxy */ = {
			isa = PBXContainerItemProxy;
			containerPortal = 50E17B0A18141C4F00E2F9B3 /* Project object */;
			proxyType = 1;
			remoteGlobalIDString = 50E17B1118141C4F00E2F9B3;
			remoteInfo = "NSDate-Example";
		};
/* End PBXContainerItemProxy section */

/* Begin PBXFileReference section */
		50E17B1218141C4F00E2F9B3 /* NSDate-Example.app */ = {isa = PBXFileReference; explicitFileType = wrapper.application; includeInIndex = 0; path = "NSDate-Example.app"; sourceTree = BUILT_PRODUCTS_DIR; };
		50E17B1518141C4F00E2F9B3 /* Foundation.framework */ = {isa = PBXFileReference; lastKnownFileType = wrapper.framework; name = Foundation.framework; path = System/Library/Frameworks/Foundation.framework; sourceTree = SDKROOT; };
		50E17B1718141C4F00E2F9B3 /* CoreGraphics.framework */ = {isa = PBXFileReference; lastKnownFileType = wrapper.framework; name = CoreGraphics.framework; path = System/Library/Frameworks/CoreGraphics.framework; sourceTree = SDKROOT; };
		50E17B1918141C4F00E2F9B3 /* UIKit.framework */ = {isa = PBXFileReference; lastKnownFileType = wrapper.framework; name = UIKit.framework; path = System/Library/Frameworks/UIKit.framework; sourceTree = SDKROOT; };
		50E17B1D18141C4F00E2F9B3 /* NSDate-Example-Info.plist */ = {isa = PBXFileReference; lastKnownFileType = text.plist.xml; path = "NSDate-Example-Info.plist"; sourceTree = "<group>"; };
		50E17B2118141C4F00E2F9B3 /* main.m */ = {isa = PBXFileReference; lastKnownFileType = sourcecode.c.objc; path = main.m; sourceTree = "<group>"; };
		50E17B2318141C4F00E2F9B3 /* NSDate-Example-Prefix.pch */ = {isa = PBXFileReference; lastKnownFileType = sourcecode.c.h; path = "NSDate-Example-Prefix.pch"; sourceTree = "<group>"; };
		50E17B2418141C4F00E2F9B3 /* AppDelegate.h */ = {isa = PBXFileReference; lastKnownFileType = sourcecode.c.h; path = AppDelegate.h; sourceTree = "<group>"; };
		50E17B2518141C4F00E2F9B3 /* AppDelegate.m */ = {isa = PBXFileReference; lastKnownFileType = sourcecode.c.objc; path = AppDelegate.m; sourceTree = "<group>"; };
		50E17B2718141C4F00E2F9B3 /* Images.xcassets */ = {isa = PBXFileReference; lastKnownFileType = folder.assetcatalog; path = Images.xcassets; sourceTree = "<group>"; };
		50E17B2D18141C4F00E2F9B3 /* NSDate-ExampleTests.xctest */ = {isa = PBXFileReference; explicitFileType = wrapper.cfbundle; includeInIndex = 0; path = "NSDate-ExampleTests.xctest"; sourceTree = BUILT_PRODUCTS_DIR; };
		50E17B2E18141C4F00E2F9B3 /* XCTest.framework */ = {isa = PBXFileReference; lastKnownFileType = wrapper.framework; name = XCTest.framework; path = Library/Frameworks/XCTest.framework; sourceTree = DEVELOPER_DIR; };
		50E17B3618141C4F00E2F9B3 /* NSDate-ExampleTests-Info.plist */ = {isa = PBXFileReference; lastKnownFileType = text.plist.xml; path = "NSDate-ExampleTests-Info.plist"; sourceTree = "<group>"; };
		50E17B3818141C4F00E2F9B3 /* en */ = {isa = PBXFileReference; lastKnownFileType = text.plist.strings; name = en; path = en.lproj/InfoPlist.strings; sourceTree = "<group>"; };
		50E17B3A18141C4F00E2F9B3 /* NSDate_ExampleTests.m */ = {isa = PBXFileReference; lastKnownFileType = sourcecode.c.objc; path = NSDate_ExampleTests.m; sourceTree = "<group>"; };
		50E17B4518141C8800E2F9B3 /* NSDate+Helper.h */ = {isa = PBXFileReference; fileEncoding = 4; lastKnownFileType = sourcecode.c.h; name = "NSDate+Helper.h"; path = "../../NSDate+Helper.h"; sourceTree = "<group>"; };
		50E17B4618141C8800E2F9B3 /* NSDate+Helper.m */ = {isa = PBXFileReference; fileEncoding = 4; lastKnownFileType = sourcecode.c.objc; name = "NSDate+Helper.m"; path = "../../NSDate+Helper.m"; sourceTree = "<group>"; };
		50E17B4F181421BB00E2F9B3 /* NSDateHelper.strings */ = {isa = PBXFileReference; fileEncoding = 4; lastKnownFileType = text.plist.strings; name = NSDateHelper.strings; path = ../../NSDateHelper.strings; sourceTree = "<group>"; };
		50E17B5618142BA600E2F9B3 /* HomeViewController.h */ = {isa = PBXFileReference; fileEncoding = 4; lastKnownFileType = sourcecode.c.h; path = HomeViewController.h; sourceTree = "<group>"; };
		50E17B5718142BA600E2F9B3 /* HomeViewController.m */ = {isa = PBXFileReference; fileEncoding = 4; lastKnownFileType = sourcecode.c.objc; path = HomeViewController.m; sourceTree = "<group>"; };
/* End PBXFileReference section */

/* Begin PBXFrameworksBuildPhase section */
		50E17B0F18141C4F00E2F9B3 /* Frameworks */ = {
			isa = PBXFrameworksBuildPhase;
			buildActionMask = 2147483647;
			files = (
				50E17B1818141C4F00E2F9B3 /* CoreGraphics.framework in Frameworks */,
				50E17B1A18141C4F00E2F9B3 /* UIKit.framework in Frameworks */,
				50E17B1618141C4F00E2F9B3 /* Foundation.framework in Frameworks */,
			);
			runOnlyForDeploymentPostprocessing = 0;
		};
		50E17B2A18141C4F00E2F9B3 /* Frameworks */ = {
			isa = PBXFrameworksBuildPhase;
			buildActionMask = 2147483647;
			files = (
				50E17B2F18141C4F00E2F9B3 /* XCTest.framework in Frameworks */,
				50E17B3118141C4F00E2F9B3 /* UIKit.framework in Frameworks */,
				50E17B3018141C4F00E2F9B3 /* Foundation.framework in Frameworks */,
			);
			runOnlyForDeploymentPostprocessing = 0;
		};
/* End PBXFrameworksBuildPhase section */

/* Begin PBXGroup section */
		50E17B0918141C4F00E2F9B3 = {
			isa = PBXGroup;
			children = (
				50E17B1B18141C4F00E2F9B3 /* NSDate-Example */,
				50E17B3418141C4F00E2F9B3 /* NSDate-ExampleTests */,
				50E17B1418141C4F00E2F9B3 /* Frameworks */,
				50E17B1318141C4F00E2F9B3 /* Products */,
			);
			sourceTree = "<group>";
		};
		50E17B1318141C4F00E2F9B3 /* Products */ = {
			isa = PBXGroup;
			children = (
				50E17B1218141C4F00E2F9B3 /* NSDate-Example.app */,
				50E17B2D18141C4F00E2F9B3 /* NSDate-ExampleTests.xctest */,
			);
			name = Products;
			sourceTree = "<group>";
		};
		50E17B1418141C4F00E2F9B3 /* Frameworks */ = {
			isa = PBXGroup;
			children = (
				50E17B1518141C4F00E2F9B3 /* Foundation.framework */,
				50E17B1718141C4F00E2F9B3 /* CoreGraphics.framework */,
				50E17B1918141C4F00E2F9B3 /* UIKit.framework */,
				50E17B2E18141C4F00E2F9B3 /* XCTest.framework */,
			);
			name = Frameworks;
			sourceTree = "<group>";
		};
		50E17B1B18141C4F00E2F9B3 /* NSDate-Example */ = {
			isa = PBXGroup;
			children = (
				50E17B4418141C5E00E2F9B3 /* Categories */,
				50E17B2418141C4F00E2F9B3 /* AppDelegate.h */,
				50E17B2518141C4F00E2F9B3 /* AppDelegate.m */,
				50E17B2718141C4F00E2F9B3 /* Images.xcassets */,
				50E17B1C18141C4F00E2F9B3 /* Supporting Files */,
				50E17B4F181421BB00E2F9B3 /* NSDateHelper.strings */,
				50E17B5618142BA600E2F9B3 /* HomeViewController.h */,
				50E17B5718142BA600E2F9B3 /* HomeViewController.m */,
			);
			path = "NSDate-Example";
			sourceTree = "<group>";
		};
		50E17B1C18141C4F00E2F9B3 /* Supporting Files */ = {
			isa = PBXGroup;
			children = (
				50E17B1D18141C4F00E2F9B3 /* NSDate-Example-Info.plist */,
				50E17B2118141C4F00E2F9B3 /* main.m */,
				50E17B2318141C4F00E2F9B3 /* NSDate-Example-Prefix.pch */,
			);
			name = "Supporting Files";
			sourceTree = "<group>";
		};
		50E17B3418141C4F00E2F9B3 /* NSDate-ExampleTests */ = {
			isa = PBXGroup;
			children = (
				50E17B3A18141C4F00E2F9B3 /* NSDate_ExampleTests.m */,
				50E17B3518141C4F00E2F9B3 /* Supporting Files */,
			);
			path = "NSDate-ExampleTests";
			sourceTree = "<group>";
		};
		50E17B3518141C4F00E2F9B3 /* Supporting Files */ = {
			isa = PBXGroup;
			children = (
				50E17B3618141C4F00E2F9B3 /* NSDate-ExampleTests-Info.plist */,
				50E17B3718141C4F00E2F9B3 /* InfoPlist.strings */,
			);
			name = "Supporting Files";
			sourceTree = "<group>";
		};
		50E17B4418141C5E00E2F9B3 /* Categories */ = {
			isa = PBXGroup;
			children = (
				50E17B4518141C8800E2F9B3 /* NSDate+Helper.h */,
				50E17B4618141C8800E2F9B3 /* NSDate+Helper.m */,
			);
			name = Categories;
			sourceTree = "<group>";
		};
/* End PBXGroup section */

/* Begin PBXNativeTarget section */
		50E17B1118141C4F00E2F9B3 /* NSDate-Example */ = {
			isa = PBXNativeTarget;
			buildConfigurationList = 50E17B3E18141C4F00E2F9B3 /* Build configuration list for PBXNativeTarget "NSDate-Example" */;
			buildPhases = (
				50E17B0E18141C4F00E2F9B3 /* Sources */,
				50E17B0F18141C4F00E2F9B3 /* Frameworks */,
				50E17B1018141C4F00E2F9B3 /* Resources */,
			);
			buildRules = (
			);
			dependencies = (
			);
			name = "NSDate-Example";
			productName = "NSDate-Example";
			productReference = 50E17B1218141C4F00E2F9B3 /* NSDate-Example.app */;
			productType = "com.apple.product-type.application";
		};
		50E17B2C18141C4F00E2F9B3 /* NSDate-ExampleTests */ = {
			isa = PBXNativeTarget;
			buildConfigurationList = 50E17B4118141C4F00E2F9B3 /* Build configuration list for PBXNativeTarget "NSDate-ExampleTests" */;
			buildPhases = (
				50E17B2918141C4F00E2F9B3 /* Sources */,
				50E17B2A18141C4F00E2F9B3 /* Frameworks */,
				50E17B2B18141C4F00E2F9B3 /* Resources */,
			);
			buildRules = (
			);
			dependencies = (
				50E17B3318141C4F00E2F9B3 /* PBXTargetDependency */,
			);
			name = "NSDate-ExampleTests";
			productName = "NSDate-ExampleTests";
			productReference = 50E17B2D18141C4F00E2F9B3 /* NSDate-ExampleTests.xctest */;
			productType = "com.apple.product-type.bundle.unit-test";
		};
/* End PBXNativeTarget section */

/* Begin PBXProject section */
		50E17B0A18141C4F00E2F9B3 /* Project object */ = {
			isa = PBXProject;
			attributes = {
				LastUpgradeCheck = 0500;
				ORGANIZATIONNAME = "Carlos Mendes";
				TargetAttributes = {
					50E17B2C18141C4F00E2F9B3 = {
						TestTargetID = 50E17B1118141C4F00E2F9B3;
					};
				};
			};
			buildConfigurationList = 50E17B0D18141C4F00E2F9B3 /* Build configuration list for PBXProject "NSDate-Example" */;
			compatibilityVersion = "Xcode 3.2";
			developmentRegion = English;
			hasScannedForEncodings = 0;
			knownRegions = (
				en,
			);
			mainGroup = 50E17B0918141C4F00E2F9B3;
			productRefGroup = 50E17B1318141C4F00E2F9B3 /* Products */;
			projectDirPath = "";
			projectRoot = "";
			targets = (
				50E17B1118141C4F00E2F9B3 /* NSDate-Example */,
				50E17B2C18141C4F00E2F9B3 /* NSDate-ExampleTests */,
			);
		};
/* End PBXProject section */

/* Begin PBXResourcesBuildPhase section */
		50E17B1018141C4F00E2F9B3 /* Resources */ = {
			isa = PBXResourcesBuildPhase;
			buildActionMask = 2147483647;
			files = (
				50E17B2818141C4F00E2F9B3 /* Images.xcassets in Resources */,
				50E17B50181421BB00E2F9B3 /* NSDateHelper.strings in Resources */,
			);
			runOnlyForDeploymentPostprocessing = 0;
		};
		50E17B2B18141C4F00E2F9B3 /* Resources */ = {
			isa = PBXResourcesBuildPhase;
			buildActionMask = 2147483647;
			files = (
				50E17B3918141C4F00E2F9B3 /* InfoPlist.strings in Resources */,
			);
			runOnlyForDeploymentPostprocessing = 0;
		};
/* End PBXResourcesBuildPhase section */

/* Begin PBXSourcesBuildPhase section */
		50E17B0E18141C4F00E2F9B3 /* Sources */ = {
			isa = PBXSourcesBuildPhase;
			buildActionMask = 2147483647;
			files = (
				50E17B4718141C8800E2F9B3 /* NSDate+Helper.m in Sources */,
				50E17B2618141C4F00E2F9B3 /* AppDelegate.m in Sources */,
				50E17B2218141C4F00E2F9B3 /* main.m in Sources */,
				50E17B5818142BA600E2F9B3 /* HomeViewController.m in Sources */,
			);
			runOnlyForDeploymentPostprocessing = 0;
		};
		50E17B2918141C4F00E2F9B3 /* Sources */ = {
			isa = PBXSourcesBuildPhase;
			buildActionMask = 2147483647;
			files = (
				50E17B3B18141C4F00E2F9B3 /* NSDate_ExampleTests.m in Sources */,
			);
			runOnlyForDeploymentPostprocessing = 0;
		};
/* End PBXSourcesBuildPhase section */

/* Begin PBXTargetDependency section */
		50E17B3318141C4F00E2F9B3 /* PBXTargetDependency */ = {
			isa = PBXTargetDependency;
			target = 50E17B1118141C4F00E2F9B3 /* NSDate-Example */;
			targetProxy = 50E17B3218141C4F00E2F9B3 /* PBXContainerItemProxy */;
		};
/* End PBXTargetDependency section */

/* Begin PBXVariantGroup section */
		50E17B3718141C4F00E2F9B3 /* InfoPlist.strings */ = {
			isa = PBXVariantGroup;
			children = (
				50E17B3818141C4F00E2F9B3 /* en */,
			);
			name = InfoPlist.strings;
			sourceTree = "<group>";
		};
/* End PBXVariantGroup section */

/* Begin XCBuildConfiguration section */
		50E17B3C18141C4F00E2F9B3 /* Debug */ = {
			isa = XCBuildConfiguration;
			buildSettings = {
				ALWAYS_SEARCH_USER_PATHS = NO;
				ARCHS = "$(ARCHS_STANDARD_INCLUDING_64_BIT)";
				CLANG_CXX_LANGUAGE_STANDARD = "gnu++0x";
				CLANG_CXX_LIBRARY = "libc++";
				CLANG_ENABLE_MODULES = YES;
				CLANG_ENABLE_OBJC_ARC = YES;
				CLANG_WARN_BOOL_CONVERSION = YES;
				CLANG_WARN_CONSTANT_CONVERSION = YES;
				CLANG_WARN_DIRECT_OBJC_ISA_USAGE = YES_ERROR;
				CLANG_WARN_EMPTY_BODY = YES;
				CLANG_WARN_ENUM_CONVERSION = YES;
				CLANG_WARN_INT_CONVERSION = YES;
				CLANG_WARN_OBJC_ROOT_CLASS = YES_ERROR;
				CLANG_WARN__DUPLICATE_METHOD_MATCH = YES;
				"CODE_SIGN_IDENTITY[sdk=iphoneos*]" = "iPhone Developer";
				COPY_PHASE_STRIP = NO;
				GCC_C_LANGUAGE_STANDARD = gnu99;
				GCC_DYNAMIC_NO_PIC = NO;
				GCC_OPTIMIZATION_LEVEL = 0;
				GCC_PREPROCESSOR_DEFINITIONS = (
					"DEBUG=1",
					"$(inherited)",
				);
				GCC_SYMBOLS_PRIVATE_EXTERN = NO;
				GCC_WARN_64_TO_32_BIT_CONVERSION = YES;
				GCC_WARN_ABOUT_RETURN_TYPE = YES_ERROR;
				GCC_WARN_UNDECLARED_SELECTOR = YES;
				GCC_WARN_UNINITIALIZED_AUTOS = YES;
				GCC_WARN_UNUSED_FUNCTION = YES;
				GCC_WARN_UNUSED_VARIABLE = YES;
				IPHONEOS_DEPLOYMENT_TARGET = 7.0;
				ONLY_ACTIVE_ARCH = YES;
				SDKROOT = iphoneos;
			};
			name = Debug;
		};
		50E17B3D18141C4F00E2F9B3 /* Release */ = {
			isa = XCBuildConfiguration;
			buildSettings = {
				ALWAYS_SEARCH_USER_PATHS = NO;
				ARCHS = "$(ARCHS_STANDARD_INCLUDING_64_BIT)";
				CLANG_CXX_LANGUAGE_STANDARD = "gnu++0x";
				CLANG_CXX_LIBRARY = "libc++";
				CLANG_ENABLE_MODULES = YES;
				CLANG_ENABLE_OBJC_ARC = YES;
				CLANG_WARN_BOOL_CONVERSION = YES;
				CLANG_WARN_CONSTANT_CONVERSION = YES;
				CLANG_WARN_DIRECT_OBJC_ISA_USAGE = YES_ERROR;
				CLANG_WARN_EMPTY_BODY = YES;
				CLANG_WARN_ENUM_CONVERSION = YES;
				CLANG_WARN_INT_CONVERSION = YES;
				CLANG_WARN_OBJC_ROOT_CLASS = YES_ERROR;
				CLANG_WARN__DUPLICATE_METHOD_MATCH = YES;
				"CODE_SIGN_IDENTITY[sdk=iphoneos*]" = "iPhone Developer";
				COPY_PHASE_STRIP = YES;
				ENABLE_NS_ASSERTIONS = NO;
				GCC_C_LANGUAGE_STANDARD = gnu99;
				GCC_WARN_64_TO_32_BIT_CONVERSION = YES;
				GCC_WARN_ABOUT_RETURN_TYPE = YES_ERROR;
				GCC_WARN_UNDECLARED_SELECTOR = YES;
				GCC_WARN_UNINITIALIZED_AUTOS = YES;
				GCC_WARN_UNUSED_FUNCTION = YES;
				GCC_WARN_UNUSED_VARIABLE = YES;
				IPHONEOS_DEPLOYMENT_TARGET = 7.0;
				SDKROOT = iphoneos;
				VALIDATE_PRODUCT = YES;
			};
			name = Release;
		};
		50E17B3F18141C4F00E2F9B3 /* Debug */ = {
			isa = XCBuildConfiguration;
			buildSettings = {
				ARCHS = "$(ARCHS_STANDARD)";
				ASSETCATALOG_COMPILER_APPICON_NAME = AppIcon;
				ASSETCATALOG_COMPILER_LAUNCHIMAGE_NAME = LaunchImage;
				GCC_PRECOMPILE_PREFIX_HEADER = YES;
				GCC_PREFIX_HEADER = "NSDate-Example/NSDate-Example-Prefix.pch";
				INFOPLIST_FILE = "NSDate-Example/NSDate-Example-Info.plist";
				IPHONEOS_DEPLOYMENT_TARGET = 4.3;
				PRODUCT_NAME = "$(TARGET_NAME)";
				SDKROOT = iphoneos;
				VALID_ARCHS = "armv7 armv7s";
				WRAPPER_EXTENSION = app;
			};
			name = Debug;
		};
		50E17B4018141C4F00E2F9B3 /* Release */ = {
			isa = XCBuildConfiguration;
			buildSettings = {
				ARCHS = "$(ARCHS_STANDARD)";
				ASSETCATALOG_COMPILER_APPICON_NAME = AppIcon;
				ASSETCATALOG_COMPILER_LAUNCHIMAGE_NAME = LaunchImage;
				GCC_PRECOMPILE_PREFIX_HEADER = YES;
				GCC_PREFIX_HEADER = "NSDate-Example/NSDate-Example-Prefix.pch";
				INFOPLIST_FILE = "NSDate-Example/NSDate-Example-Info.plist";
				IPHONEOS_DEPLOYMENT_TARGET = 4.3;
				PRODUCT_NAME = "$(TARGET_NAME)";
				SDKROOT = iphoneos;
				VALID_ARCHS = "armv7 armv7s";
				WRAPPER_EXTENSION = app;
			};
			name = Release;
		};
		50E17B4218141C4F00E2F9B3 /* Debug */ = {
			isa = XCBuildConfiguration;
			buildSettings = {
				ARCHS = "$(ARCHS_STANDARD_INCLUDING_64_BIT)";
				BUNDLE_LOADER = "$(BUILT_PRODUCTS_DIR)/NSDate-Example.app/NSDate-Example";
				FRAMEWORK_SEARCH_PATHS = (
					"$(SDKROOT)/Developer/Library/Frameworks",
					"$(inherited)",
					"$(DEVELOPER_FRAMEWORKS_DIR)",
				);
				GCC_PRECOMPILE_PREFIX_HEADER = YES;
				GCC_PREFIX_HEADER = "NSDate-Example/NSDate-Example-Prefix.pch";
				GCC_PREPROCESSOR_DEFINITIONS = (
					"DEBUG=1",
					"$(inherited)",
				);
				INFOPLIST_FILE = "NSDate-ExampleTests/NSDate-ExampleTests-Info.plist";
				PRODUCT_NAME = "$(TARGET_NAME)";
				TEST_HOST = "$(BUNDLE_LOADER)";
				WRAPPER_EXTENSION = xctest;
			};
			name = Debug;
		};
		50E17B4318141C4F00E2F9B3 /* Release */ = {
			isa = XCBuildConfiguration;
			buildSettings = {
				ARCHS = "$(ARCHS_STANDARD_INCLUDING_64_BIT)";
				BUNDLE_LOADER = "$(BUILT_PRODUCTS_DIR)/NSDate-Example.app/NSDate-Example";
				FRAMEWORK_SEARCH_PATHS = (
					"$(SDKROOT)/Developer/Library/Frameworks",
					"$(inherited)",
					"$(DEVELOPER_FRAMEWORKS_DIR)",
				);
				GCC_PRECOMPILE_PREFIX_HEADER = YES;
				GCC_PREFIX_HEADER = "NSDate-Example/NSDate-Example-Prefix.pch";
				INFOPLIST_FILE = "NSDate-ExampleTests/NSDate-ExampleTests-Info.plist";
				PRODUCT_NAME = "$(TARGET_NAME)";
				TEST_HOST = "$(BUNDLE_LOADER)";
				WRAPPER_EXTENSION = xctest;
			};
			name = Release;
		};
/* End XCBuildConfiguration section */

/* Begin XCConfigurationList section */
		50E17B0D18141C4F00E2F9B3 /* Build configuration list for PBXProject "NSDate-Example" */ = {
			isa = XCConfigurationList;
			buildConfigurations = (
				50E17B3C18141C4F00E2F9B3 /* Debug */,
				50E17B3D18141C4F00E2F9B3 /* Release */,
			);
			defaultConfigurationIsVisible = 0;
			defaultConfigurationName = Release;
		};
		50E17B3E18141C4F00E2F9B3 /* Build configuration list for PBXNativeTarget "NSDate-Example" */ = {
			isa = XCConfigurationList;
			buildConfigurations = (
				50E17B3F18141C4F00E2F9B3 /* Debug */,
				50E17B4018141C4F00E2F9B3 /* Release */,
			);
			defaultConfigurationIsVisible = 0;
		};
		50E17B4118141C4F00E2F9B3 /* Build configuration list for PBXNativeTarget "NSDate-ExampleTests" */ = {
			isa = XCConfigurationList;
			buildConfigurations = (
				50E17B4218141C4F00E2F9B3 /* Debug */,
				50E17B4318141C4F00E2F9B3 /* Release */,
			);
			defaultConfigurationIsVisible = 0;
		};
/* End XCConfigurationList section */
	};
	rootObject = 50E17B0A18141C4F00E2F9B3 /* Project object */;
}
